// !$*UTF8*$!
{
	archiveVersion = 1;
	classes = {
	};
	objectVersion = 77;
	objects = {

/* Begin PBXBuildFile section */
		02762152C6975681527C84C5 /* PatternPDFExporter.swift in Sources */ = {isa = PBXBuildFile; fileRef = 0A1A510BD17CD10F76FCFCB5 /* PatternPDFExporter.swift */; };
		09A05DAF6910F41B42BDB456 /* tips.json in Resources */ = {isa = PBXBuildFile; fileRef = A5D01FE703C7B7E6665E5FD3 /* tips.json */; };
		15974F1BA272A51C447B31C4 /* BodySilhouetteView.swift in Sources */ = {isa = PBXBuildFile; fileRef = AB912F9D4934AD65A4CB1FFE /* BodySilhouetteView.swift */; };
		15C452744D2626797C0E10CB /* OFL.txt in Resources */ = {isa = PBXBuildFile; fileRef = FF317EEECE8CEBD00E0C2BB8 /* OFL.txt */; };
		1C600C332A862A4357EF6C64 /* KeychainHelper.swift in Sources */ = {isa = PBXBuildFile; fileRef = BFA025428E529B0C1E4C6C6A /* KeychainHelper.swift */; };
		1E9E768240E23438C24CB7C8 /* PatternGeometry.swift in Sources */ = {isa = PBXBuildFile; fileRef = 836D3DC78D28A11B951218A7 /* PatternGeometry.swift */; };
		284438A81FE7D109981C9F5E /* BodyMeasurements.swift in Sources */ = {isa = PBXBuildFile; fileRef = 6953D98E813B3B600F495177 /* BodyMeasurements.swift */; };
		32C5D9C2F1691E01C6331DF2 /* Quicksand-Variable.ttf in Resources */ = {isa = PBXBuildFile; fileRef = 9447BCB804509FC908AF669B /* Quicksand-Variable.ttf */; };
		359ACAE8ABAD332CF5786B49 /* ClosetRoomView.swift in Sources */ = {isa = PBXBuildFile; fileRef = 4FF236FE7997DB903450D882 /* ClosetRoomView.swift */; };
		4975D8981F23990C0E2392CA /* CreateRoomView.swift in Sources */ = {isa = PBXBuildFile; fileRef = D4751621802B65640665BFAB /* CreateRoomView.swift */; };
		4AAC1CA7964B11159F413C90 /* RootView.swift in Sources */ = {isa = PBXBuildFile; fileRef = 95962261915B3ABEB59D2CD1 /* RootView.swift */; };
		5A76999188E7FAAD374C81B7 /* PhotoAnalysisView.swift in Sources */ = {isa = PBXBuildFile; fileRef = 5EF63CC3E00E2126174D7AF3 /* PhotoAnalysisView.swift */; };
		5A99485145E1233711C47E84 /* ClaudeService.swift in Sources */ = {isa = PBXBuildFile; fileRef = DD76FD25E0F505871D6178BF /* ClaudeService.swift */; };
		601960558725BF7A5D275486 /* Assets.xcassets in Resources */ = {isa = PBXBuildFile; fileRef = 48121B6A2AAC15266FEFCC2D /* Assets.xcassets */; };
		64056FEEF19EAE4CFCB2C86A /* ProfileSheet.swift in Sources */ = {isa = PBXBuildFile; fileRef = 4F027D15E1A479E7E0775C4E /* ProfileSheet.swift */; };
		7054F000941B0A65DAA47554 /* zippers.json in Resources */ = {isa = PBXBuildFile; fileRef = 8FA11A052DBDDEE6683DCF11 /* zippers.json */; };
		84842E4F4E37914F1428D2D0 /* Theme.swift in Sources */ = {isa = PBXBuildFile; fileRef = C42E33AFA1A61B9A8719C3B3 /* Theme.swift */; };
		8777B07F6B216C26126E86ED /* SavedPattern.swift in Sources */ = {isa = PBXBuildFile; fileRef = 4527D8E5F12DD0B1F1D84A46 /* SavedPattern.swift */; };
		9194858C7590206249364E44 /* StitchuApp.swift in Sources */ = {isa = PBXBuildFile; fileRef = 87950AAAD0C2B2E1506E0B8E /* StitchuApp.swift */; };
		96F6A746F3922704369D9767 /* SkirtBlock.swift in Sources */ = {isa = PBXBuildFile; fileRef = A6F1ACF5511AE60F2E946AAB /* SkirtBlock.swift */; };
		9B544EA3B25A834309923BDC /* BodiceBlock.swift in Sources */ = {isa = PBXBuildFile; fileRef = 4DA53FFAD7E9B9AC3116FCA8 /* BodiceBlock.swift */; };
		9F1AE5A37877C01652B00E83 /* PatternResultView.swift in Sources */ = {isa = PBXBuildFile; fileRef = 5CEC490DBA501F8BA304C847 /* PatternResultView.swift */; };
		B0C529327B5F104D44EF6197 /* fabrics.json in Resources */ = {isa = PBXBuildFile; fileRef = 990F04DC625DA09189ACAAEE /* fabrics.json */; };
		B16D8431E34CF6070C05EB86 /* SleeveBlock.swift in Sources */ = {isa = PBXBuildFile; fileRef = 4E77D4F7A8AC69C5DBFA02A6 /* SleeveBlock.swift */; };
		BD1B37AF760A2CA1597CB678 /* InspireRoomView.swift in Sources */ = {isa = PBXBuildFile; fileRef = 8BA4EAF59E21133D670D19FE /* InspireRoomView.swift */; };
		C36F2D38D71083CAA11D0152 /* KnowledgeBase.swift in Sources */ = {isa = PBXBuildFile; fileRef = 7B6B0B5A67C4229F22E065C3 /* KnowledgeBase.swift */; };
		CCB6D1F0741C009DC7DFF138 /* PatternValidator.swift in Sources */ = {isa = PBXBuildFile; fileRef = FE2611F0386FEC6253135AB8 /* PatternValidator.swift */; };
		D263738EEDD401500AB904E7 /* OnboardingView.swift in Sources */ = {isa = PBXBuildFile; fileRef = 3C74BAC321F06048EF89D92A /* OnboardingView.swift */; };
		E5AF319CE21F2DBD5865E3D2 /* GarmentDrafter.swift in Sources */ = {isa = PBXBuildFile; fileRef = EBAC865484C605EEC89D9ADF /* GarmentDrafter.swift */; };
		FF0668F4C4727B2DCF55BDEB /* CommunityRoomView.swift in Sources */ = {isa = PBXBuildFile; fileRef = 3CEF49A794456FCAA27554C8 /* CommunityRoomView.swift */; };
/* End PBXBuildFile section */

/* Begin PBXFileReference section */
		0A1A510BD17CD10F76FCFCB5 /* PatternPDFExporter.swift */ = {isa = PBXFileReference; lastKnownFileType = sourcecode.swift; path = PatternPDFExporter.swift; sourceTree = "<group>"; };
		3C74BAC321F06048EF89D92A /* OnboardingView.swift */ = {isa = PBXFileReference; lastKnownFileType = sourcecode.swift; path = OnboardingView.swift; sourceTree = "<group>"; };
		3CEF49A794456FCAA27554C8 /* CommunityRoomView.swift */ = {isa = PBXFileReference; lastKnownFileType = sourcecode.swift; path = CommunityRoomView.swift; sourceTree = "<group>"; };
		4527D8E5F12DD0B1F1D84A46 /* SavedPattern.swift */ = {isa = PBXFileReference; lastKnownFileType = sourcecode.swift; path = SavedPattern.swift; sourceTree = "<group>"; };
		48121B6A2AAC15266FEFCC2D /* Assets.xcassets */ = {isa = PBXFileReference; lastKnownFileType = folder.assetcatalog; path = Assets.xcassets; sourceTree = "<group>"; };
		4DA53FFAD7E9B9AC3116FCA8 /* BodiceBlock.swift */ = {isa = PBXFileReference; lastKnownFileType = sourcecode.swift; path = BodiceBlock.swift; sourceTree = "<group>"; };
		4E77D4F7A8AC69C5DBFA02A6 /* SleeveBlock.swift */ = {isa = PBXFileReference; lastKnownFileType = sourcecode.swift; path = SleeveBlock.swift; sourceTree = "<group>"; };
		4F027D15E1A479E7E0775C4E /* ProfileSheet.swift */ = {isa = PBXFileReference; lastKnownFileType = sourcecode.swift; path = ProfileSheet.swift; sourceTree = "<group>"; };
		4FF236FE7997DB903450D882 /* ClosetRoomView.swift */ = {isa = PBXFileReference; lastKnownFileType = sourcecode.swift; path = ClosetRoomView.swift; sourceTree = "<group>"; };
		5CEC490DBA501F8BA304C847 /* PatternResultView.swift */ = {isa = PBXFileReference; lastKnownFileType = sourcecode.swift; path = PatternResultView.swift; sourceTree = "<group>"; };
		5EF63CC3E00E2126174D7AF3 /* PhotoAnalysisView.swift */ = {isa = PBXFileReference; lastKnownFileType = sourcecode.swift; path = PhotoAnalysisView.swift; sourceTree = "<group>"; };
		6953D98E813B3B600F495177 /* BodyMeasurements.swift */ = {isa = PBXFileReference; lastKnownFileType = sourcecode.swift; path = BodyMeasurements.swift; sourceTree = "<group>"; };
		7B6B0B5A67C4229F22E065C3 /* KnowledgeBase.swift */ = {isa = PBXFileReference; lastKnownFileType = sourcecode.swift; path = KnowledgeBase.swift; sourceTree = "<group>"; };
		836D3DC78D28A11B951218A7 /* PatternGeometry.swift */ = {isa = PBXFileReference; lastKnownFileType = sourcecode.swift; path = PatternGeometry.swift; sourceTree = "<group>"; };
		87950AAAD0C2B2E1506E0B8E /* StitchuApp.swift */ = {isa = PBXFileReference; lastKnownFileType = sourcecode.swift; path = StitchuApp.swift; sourceTree = "<group>"; };
		8BA4EAF59E21133D670D19FE /* InspireRoomView.swift */ = {isa = PBXFileReference; lastKnownFileType = sourcecode.swift; path = InspireRoomView.swift; sourceTree = "<group>"; };
		8FA11A052DBDDEE6683DCF11 /* zippers.json */ = {isa = PBXFileReference; lastKnownFileType = text.json; path = zippers.json; sourceTree = "<group>"; };
		9447BCB804509FC908AF669B /* Quicksand-Variable.ttf */ = {isa = PBXFileReference; lastKnownFileType = file; path = "Quicksand-Variable.ttf"; sourceTree = "<group>"; };
		95962261915B3ABEB59D2CD1 /* RootView.swift */ = {isa = PBXFileReference; lastKnownFileType = sourcecode.swift; path = RootView.swift; sourceTree = "<group>"; };
		978B07425B4A22EE5AB39F1B /* Info.plist */ = {isa = PBXFileReference; lastKnownFileType = text.plist; path = Info.plist; sourceTree = "<group>"; };
		990F04DC625DA09189ACAAEE /* fabrics.json */ = {isa = PBXFileReference; lastKnownFileType = text.json; path = fabrics.json; sourceTree = "<group>"; };
		A5D01FE703C7B7E6665E5FD3 /* tips.json */ = {isa = PBXFileReference; lastKnownFileType = text.json; path = tips.json; sourceTree = "<group>"; };
		A6F1ACF5511AE60F2E946AAB /* SkirtBlock.swift */ = {isa = PBXFileReference; lastKnownFileType = sourcecode.swift; path = SkirtBlock.swift; sourceTree = "<group>"; };
		AB912F9D4934AD65A4CB1FFE /* BodySilhouetteView.swift */ = {isa = PBXFileReference; lastKnownFileType = sourcecode.swift; path = BodySilhouetteView.swift; sourceTree = "<group>"; };
		BFA025428E529B0C1E4C6C6A /* KeychainHelper.swift */ = {isa = PBXFileReference; lastKnownFileType = sourcecode.swift; path = KeychainHelper.swift; sourceTree = "<group>"; };
		C42E33AFA1A61B9A8719C3B3 /* Theme.swift */ = {isa = PBXFileReference; lastKnownFileType = sourcecode.swift; path = Theme.swift; sourceTree = "<group>"; };
		D4751621802B65640665BFAB /* CreateRoomView.swift */ = {isa = PBXFileReference; lastKnownFileType = sourcecode.swift; path = CreateRoomView.swift; sourceTree = "<group>"; };
		DD76FD25E0F505871D6178BF /* ClaudeService.swift */ = {isa = PBXFileReference; lastKnownFileType = sourcecode.swift; path = ClaudeService.swift; sourceTree = "<group>"; };
		E952167997A454D1E93DD92A /* Stitchu.app */ = {isa = PBXFileReference; includeInIndex = 0; lastKnownFileType = wrapper.application; path = Stitchu.app; sourceTree = BUILT_PRODUCTS_DIR; };
		EBAC865484C605EEC89D9ADF /* GarmentDrafter.swift */ = {isa = PBXFileReference; lastKnownFileType = sourcecode.swift; path = GarmentDrafter.swift; sourceTree = "<group>"; };
		FE2611F0386FEC6253135AB8 /* PatternValidator.swift */ = {isa = PBXFileReference; lastKnownFileType = sourcecode.swift; path = PatternValidator.swift; sourceTree = "<group>"; };
		FF317EEECE8CEBD00E0C2BB8 /* OFL.txt */ = {isa = PBXFileReference; lastKnownFileType = text; path = OFL.txt; sourceTree = "<group>"; };
/* End PBXFileReference section */

/* Begin PBXGroup section */
		46379258DCDAEFD96D99DC82 /* PatternResult */ = {
			isa = PBXGroup;
			children = (
				5CEC490DBA501F8BA304C847 /* PatternResultView.swift */,
			);
			path = PatternResult;
			sourceTree = "<group>";
		};
		5592AD37098C1F9D14715A3E /* Engine */ = {
			isa = PBXGroup;
			children = (
				4DA53FFAD7E9B9AC3116FCA8 /* BodiceBlock.swift */,
				EBAC865484C605EEC89D9ADF /* GarmentDrafter.swift */,
				836D3DC78D28A11B951218A7 /* PatternGeometry.swift */,
				FE2611F0386FEC6253135AB8 /* PatternValidator.swift */,
				A6F1ACF5511AE60F2E946AAB /* SkirtBlock.swift */,
				4E77D4F7A8AC69C5DBFA02A6 /* SleeveBlock.swift */,
			);
			path = Engine;
			sourceTree = "<group>";
		};
		8262AE43AF0DF1740B66AF1F /* Stitchu */ = {
			isa = PBXGroup;
			children = (
				48121B6A2AAC15266FEFCC2D /* Assets.xcassets */,
				978B07425B4A22EE5AB39F1B /* Info.plist */,
				87950AAAD0C2B2E1506E0B8E /* StitchuApp.swift */,
				C42E33AFA1A61B9A8719C3B3 /* Theme.swift */,
				5592AD37098C1F9D14715A3E /* Engine */,
				9CA2CA6B61E9FEBCD7B401A5 /* Models */,
				DF93D3AEB5ECF22EFC114CD9 /* Resources */,
				F8C4C20B8993E3EA8F5DF259 /* Services */,
				860161800799FCF7CC7405C6 /* Views */,
			);
			path = Stitchu;
			sourceTree = "<group>";
		};
		84243EF403609413CABACA6B /* Products */ = {
			isa = PBXGroup;
			children = (
				E952167997A454D1E93DD92A /* Stitchu.app */,
			);
			name = Products;
			sourceTree = "<group>";
		};
		84CC55592E40F198A39D68D7 /* Create */ = {
			isa = PBXGroup;
			children = (
				D4751621802B65640665BFAB /* CreateRoomView.swift */,
				5EF63CC3E00E2126174D7AF3 /* PhotoAnalysisView.swift */,
			);
			path = Create;
			sourceTree = "<group>";
		};
		860161800799FCF7CC7405C6 /* Views */ = {
			isa = PBXGroup;
			children = (
				977D90E48A0D1B02815267C9 /* Components */,
				84CC55592E40F198A39D68D7 /* Create */,
				EA5E7053BD259D5A7F96372D /* Onboarding */,
				46379258DCDAEFD96D99DC82 /* PatternResult */,
				BCC81C61FA60C2A7DC985757 /* Rooms */,
			);
			path = Views;
			sourceTree = "<group>";
		};
		977D90E48A0D1B02815267C9 /* Components */ = {
			isa = PBXGroup;
			children = (
				AB912F9D4934AD65A4CB1FFE /* BodySilhouetteView.swift */,
			);
			path = Components;
			sourceTree = "<group>";
		};
		9CA2CA6B61E9FEBCD7B401A5 /* Models */ = {
			isa = PBXGroup;
			children = (
				6953D98E813B3B600F495177 /* BodyMeasurements.swift */,
				4527D8E5F12DD0B1F1D84A46 /* SavedPattern.swift */,
			);
			path = Models;
			sourceTree = "<group>";
		};
		A05298BADF6249EE9FE788EA /* Knowledge */ = {
			isa = PBXGroup;
			children = (
				990F04DC625DA09189ACAAEE /* fabrics.json */,
				A5D01FE703C7B7E6665E5FD3 /* tips.json */,
				8FA11A052DBDDEE6683DCF11 /* zippers.json */,
			);
			path = Knowledge;
			sourceTree = "<group>";
		};
		AD35C20FD0AFC0703D1B071E = {
			isa = PBXGroup;
			children = (
				8262AE43AF0DF1740B66AF1F /* Stitchu */,
				84243EF403609413CABACA6B /* Products */,
			);
			sourceTree = "<group>";
		};
		BAD4765A72AAF79573178537 /* Fonts */ = {
			isa = PBXGroup;
			children = (
				FF317EEECE8CEBD00E0C2BB8 /* OFL.txt */,
				9447BCB804509FC908AF669B /* Quicksand-Variable.ttf */,
			);
			path = Fonts;
			sourceTree = "<group>";
		};
		BCC81C61FA60C2A7DC985757 /* Rooms */ = {
			isa = PBXGroup;
			children = (
				4FF236FE7997DB903450D882 /* ClosetRoomView.swift */,
				3CEF49A794456FCAA27554C8 /* CommunityRoomView.swift */,
				8BA4EAF59E21133D670D19FE /* InspireRoomView.swift */,
				4F027D15E1A479E7E0775C4E /* ProfileSheet.swift */,
				95962261915B3ABEB59D2CD1 /* RootView.swift */,
			);
			path = Rooms;
			sourceTree = "<group>";
		};
		DF93D3AEB5ECF22EFC114CD9 /* Resources */ = {
			isa = PBXGroup;
			children = (
				BAD4765A72AAF79573178537 /* Fonts */,
				A05298BADF6249EE9FE788EA /* Knowledge */,
			);
			path = Resources;
			sourceTree = "<group>";
		};
		EA5E7053BD259D5A7F96372D /* Onboarding */ = {
			isa = PBXGroup;
			children = (
				3C74BAC321F06048EF89D92A /* OnboardingView.swift */,
			);
			path = Onboarding;
			sourceTree = "<group>";
		};
		F8C4C20B8993E3EA8F5DF259 /* Services */ = {
			isa = PBXGroup;
			children = (
				DD76FD25E0F505871D6178BF /* ClaudeService.swift */,
				BFA025428E529B0C1E4C6C6A /* KeychainHelper.swift */,
				7B6B0B5A67C4229F22E065C3 /* KnowledgeBase.swift */,
				0A1A510BD17CD10F76FCFCB5 /* PatternPDFExporter.swift */,
			);
			path = Services;
			sourceTree = "<group>";
		};
/* End PBXGroup section */

/* Begin PBXNativeTarget section */
		9EDE6162A00171BB271B0266 /* Stitchu */ = {
			isa = PBXNativeTarget;
			buildConfigurationList = 3CA3CD5DA039A35763C64E4B /* Build configuration list for PBXNativeTarget "Stitchu" */;
			buildPhases = (
				8F3DC0AE48551CA0904CA227 /* Sources */,
				1F68572FFDD68DB3DA53DFFD /* Resources */,
			);
			buildRules = (
			);
			dependencies = (
			);
			name = Stitchu;
			packageProductDependencies = (
			);
			productName = Stitchu;
			productReference = E952167997A454D1E93DD92A /* Stitchu.app */;
			productType = "com.apple.product-type.application";
		};
/* End PBXNativeTarget section */

/* Begin PBXProject section */
		BA52CF53D150CBA194D7AB9C /* Project object */ = {
			isa = PBXProject;
			attributes = {
				BuildIndependentTargetsInParallel = YES;
				LastUpgradeCheck = 1430;
				TargetAttributes = {
					9EDE6162A00171BB271B0266 = {
						DevelopmentTeam = "";
						ProvisioningStyle = Automatic;
					};
				};
			};
			buildConfigurationList = 7CA94AF09A055ED6DA156E94 /* Build configuration list for PBXProject "Stitchu" */;
			developmentRegion = en;
			hasScannedForEncodings = 0;
			knownRegions = (
				Base,
				en,
			);
			mainGroup = AD35C20FD0AFC0703D1B071E;
			minimizedProjectReferenceProxies = 1;
			preferredProjectObjectVersion = 77;
			productRefGroup = 84243EF403609413CABACA6B /* Products */;
			projectDirPath = "";
			projectRoot = "";
			targets = (
				9EDE6162A00171BB271B0266 /* Stitchu */,
			);
		};
/* End PBXProject section */

/* Begin PBXResourcesBuildPhase section */
		1F68572FFDD68DB3DA53DFFD /* Resources */ = {
			isa = PBXResourcesBuildPhase;
			buildActionMask = 2147483647;
			files = (
				601960558725BF7A5D275486 /* Assets.xcassets in Resources */,
				15C452744D2626797C0E10CB /* OFL.txt in Resources */,
				32C5D9C2F1691E01C6331DF2 /* Quicksand-Variable.ttf in Resources */,
				B0C529327B5F104D44EF6197 /* fabrics.json in Resources */,
				09A05DAF6910F41B42BDB456 /* tips.json in Resources */,
				7054F000941B0A65DAA47554 /* zippers.json in Resources */,
			);
			runOnlyForDeploymentPostprocessing = 0;
		};
/* End PBXResourcesBuildPhase section */

/* Begin PBXSourcesBuildPhase section */
		8F3DC0AE48551CA0904CA227 /* Sources */ = {
			isa = PBXSourcesBuildPhase;
			buildActionMask = 2147483647;
			files = (
				9B544EA3B25A834309923BDC /* BodiceBlock.swift in Sources */,
				284438A81FE7D109981C9F5E /* BodyMeasurements.swift in Sources */,
				15974F1BA272A51C447B31C4 /* BodySilhouetteView.swift in Sources */,
				5A99485145E1233711C47E84 /* ClaudeService.swift in Sources */,
				359ACAE8ABAD332CF5786B49 /* ClosetRoomView.swift in Sources */,
				FF0668F4C4727B2DCF55BDEB /* CommunityRoomView.swift in Sources */,
				4975D8981F23990C0E2392CA /* CreateRoomView.swift in Sources */,
				E5AF319CE21F2DBD5865E3D2 /* GarmentDrafter.swift in Sources */,
				BD1B37AF760A2CA1597CB678 /* InspireRoomView.swift in Sources */,
				1C600C332A862A4357EF6C64 /* KeychainHelper.swift in Sources */,
				C36F2D38D71083CAA11D0152 /* KnowledgeBase.swift in Sources */,
				D263738EEDD401500AB904E7 /* OnboardingView.swift in Sources */,
				1E9E768240E23438C24CB7C8 /* PatternGeometry.swift in Sources */,
				02762152C6975681527C84C5 /* PatternPDFExporter.swift in Sources */,
				9F1AE5A37877C01652B00E83 /* PatternResultView.swift in Sources */,
				CCB6D1F0741C009DC7DFF138 /* PatternValidator.swift in Sources */,
				5A76999188E7FAAD374C81B7 /* PhotoAnalysisView.swift in Sources */,
				64056FEEF19EAE4CFCB2C86A /* ProfileSheet.swift in Sources */,
				4AAC1CA7964B11159F413C90 /* RootView.swift in Sources */,
				8777B07F6B216C26126E86ED /* SavedPattern.swift in Sources */,
				96F6A746F3922704369D9767 /* SkirtBlock.swift in Sources */,
				B16D8431E34CF6070C05EB86 /* SleeveBlock.swift in Sources */,
				9194858C7590206249364E44 /* StitchuApp.swift in Sources */,
				84842E4F4E37914F1428D2D0 /* Theme.swift in Sources */,
			);
			runOnlyForDeploymentPostprocessing = 0;
		};
/* End PBXSourcesBuildPhase section */

/* Begin XCBuildConfiguration section */
		199A9C3BA441B69CD95F8FC1 /* Release */ = {
			isa = XCBuildConfiguration;
			buildSettings = {
				ASSETCATALOG_COMPILER_APPICON_NAME = AppIcon;
				CODE_SIGN_IDENTITY = "iPhone Developer";
				CODE_SIGN_STYLE = Automatic;
				CURRENT_PROJECT_VERSION = 1;
				DEVELOPMENT_TEAM = "";
				GENERATE_INFOPLIST_FILE = NO;
				INFOPLIST_FILE = Stitchu/Info.plist;
				LD_RUNPATH_SEARCH_PATHS = (
					"$(inherited)",
					"@executable_path/Frameworks",
				);
				MARKETING_VERSION = 0.1.0;
				PRODUCT_BUNDLE_IDENTIFIER = com.damla.Stitchu;
				SDKROOT = iphoneos;
				SWIFT_VERSION = 5.9;
				TARGETED_DEVICE_FAMILY = "1,2";
			};
			name = Release;
		};
		23EB341BC8ACE7FB23FF7A11 /* Debug */ = {
			isa = XCBuildConfiguration;
			buildSettings = {
				ASSETCATALOG_COMPILER_APPICON_NAME = AppIcon;
				CODE_SIGN_IDENTITY = "iPhone Developer";
				CODE_SIGN_STYLE = Automatic;
				CURRENT_PROJECT_VERSION = 1;
				DEVELOPMENT_TEAM = "";
				GENERATE_INFOPLIST_FILE = NO;
				INFOPLIST_FILE = Stitchu/Info.plist;
				LD_RUNPATH_SEARCH_PATHS = (
					"$(inherited)",
					"@executable_path/Frameworks",
				);
				MARKETING_VERSION = 0.1.0;
				PRODUCT_BUNDLE_IDENTIFIER = com.damla.Stitchu;
				SDKROOT = iphoneos;
				SWIFT_VERSION = 5.9;
				TARGETED_DEVICE_FAMILY = "1,2";
			};
			name = Debug;
		};
		3AF4F2ED80AF0A92373B32D8 /* Release */ = {
			isa = XCBuildConfiguration;
			buildSettings = {
				ALWAYS_SEARCH_USER_PATHS = NO;
				CLANG_ANALYZER_NONNULL = YES;
				CLANG_ANALYZER_NUMBER_OBJECT_CONVERSION = YES_AGGRESSIVE;
				CLANG_CXX_LANGUAGE_STANDARD = "gnu++14";
				CLANG_CXX_LIBRARY = "libc++";
				CLANG_ENABLE_MODULES = YES;
				CLANG_ENABLE_OBJC_ARC = YES;
				CLANG_ENABLE_OBJC_WEAK = YES;
				CLANG_WARN_BLOCK_CAPTURE_AUTORELEASING = YES;
				CLANG_WARN_BOOL_CONVERSION = YES;
				CLANG_WARN_COMMA = YES;
				CLANG_WARN_CONSTANT_CONVERSION = YES;
				CLANG_WARN_DEPRECATED_OBJC_IMPLEMENTATIONS = YES;
				CLANG_WARN_DIRECT_OBJC_ISA_USAGE = YES_ERROR;
				CLANG_WARN_DOCUMENTATION_COMMENTS = YES;
				CLANG_WARN_EMPTY_BODY = YES;
				CLANG_WARN_ENUM_CONVERSION = YES;
				CLANG_WARN_INFINITE_RECURSION = YES;
				CLANG_WARN_INT_CONVERSION = YES;
				CLANG_WARN_NON_LITERAL_NULL_CONVERSION = YES;
				CLANG_WARN_OBJC_IMPLICIT_RETAIN_SELF = YES;
				CLANG_WARN_OBJC_LITERAL_CONVERSION = YES;
				CLANG_WARN_OBJC_ROOT_CLASS = YES_ERROR;
				CLANG_WARN_QUOTED_INCLUDE_IN_FRAMEWORK_HEADER = YES;
				CLANG_WARN_RANGE_LOOP_ANALYSIS = YES;
				CLANG_WARN_STRICT_PROTOTYPES = YES;
				CLANG_WARN_SUSPICIOUS_MOVE = YES;
				CLANG_WARN_UNGUARDED_AVAILABILITY = YES_AGGRESSIVE;
				CLANG_WARN_UNREACHABLE_CODE = YES;
				CLANG_WARN__DUPLICATE_METHOD_MATCH = YES;
				COPY_PHASE_STRIP = NO;
				DEBUG_INFORMATION_FORMAT = "dwarf-with-dsym";
				ENABLE_NS_ASSERTIONS = NO;
				ENABLE_STRICT_OBJC_MSGSEND = YES;
				GCC_C_LANGUAGE_STANDARD = gnu11;
				GCC_NO_COMMON_BLOCKS = YES;
				GCC_WARN_64_TO_32_BIT_CONVERSION = YES;
				GCC_WARN_ABOUT_RETURN_TYPE = YES_ERROR;
				GCC_WARN_UNDECLARED_SELECTOR = YES;
				GCC_WARN_UNINITIALIZED_AUTOS = YES_AGGRESSIVE;
				GCC_WARN_UNUSED_FUNCTION = YES;
				GCC_WARN_UNUSED_VARIABLE = YES;
				IPHONEOS_DEPLOYMENT_TARGET = 17.0;
				MTL_ENABLE_DEBUG_INFO = NO;
				MTL_FAST_MATH = YES;
				PRODUCT_NAME = "$(TARGET_NAME)";
				SDKROOT = iphoneos;
				SWIFT_COMPILATION_MODE = wholemodule;
				SWIFT_OPTIMIZATION_LEVEL = "-O";
				SWIFT_VERSION = 5.0;
			};
			name = Release;
		};
		4F09D14C68B3F0252BABF203 /* Debug */ = {
			isa = XCBuildConfiguration;
			buildSettings = {
				ALWAYS_SEARCH_USER_PATHS = NO;
				CLANG_ANALYZER_NONNULL = YES;
				CLANG_ANALYZER_NUMBER_OBJECT_CONVERSION = YES_AGGRESSIVE;
				CLANG_CXX_LANGUAGE_STANDARD = "gnu++14";
				CLANG_CXX_LIBRARY = "libc++";
				CLANG_ENABLE_MODULES = YES;
				CLANG_ENABLE_OBJC_ARC = YES;
				CLANG_ENABLE_OBJC_WEAK = YES;
				CLANG_WARN_BLOCK_CAPTURE_AUTORELEASING = YES;
				CLANG_WARN_BOOL_CONVERSION = YES;
				CLANG_WARN_COMMA = YES;
				CLANG_WARN_CONSTANT_CONVERSION = YES;
				CLANG_WARN_DEPRECATED_OBJC_IMPLEMENTATIONS = YES;
				CLANG_WARN_DIRECT_OBJC_ISA_USAGE = YES_ERROR;
				CLANG_WARN_DOCUMENTATION_COMMENTS = YES;
				CLANG_WARN_EMPTY_BODY = YES;
				CLANG_WARN_ENUM_CONVERSION = YES;
				CLANG_WARN_INFINITE_RECURSION = YES;
				CLANG_WARN_INT_CONVERSION = YES;
				CLANG_WARN_NON_LITERAL_NULL_CONVERSION = YES;
				CLANG_WARN_OBJC_IMPLICIT_RETAIN_SELF = YES;
				CLANG_WARN_OBJC_LITERAL_CONVERSION = YES;
				CLANG_WARN_OBJC_ROOT_CLASS = YES_ERROR;
				CLANG_WARN_QUOTED_INCLUDE_IN_FRAMEWORK_HEADER = YES;
				CLANG_WARN_RANGE_LOOP_ANALYSIS = YES;
				CLANG_WARN_STRICT_PROTOTYPES = YES;
				CLANG_WARN_SUSPICIOUS_MOVE = YES;
				CLANG_WARN_UNGUARDED_AVAILABILITY = YES_AGGRESSIVE;
				CLANG_WARN_UNREACHABLE_CODE = YES;
				CLANG_WARN__DUPLICATE_METHOD_MATCH = YES;
				COPY_PHASE_STRIP = NO;
				DEBUG_INFORMATION_FORMAT = dwarf;
				ENABLE_STRICT_OBJC_MSGSEND = YES;
				ENABLE_TESTABILITY = YES;
				GCC_C_LANGUAGE_STANDARD = gnu11;
				GCC_DYNAMIC_NO_PIC = NO;
				GCC_NO_COMMON_BLOCKS = YES;
				GCC_OPTIMIZATION_LEVEL = 0;
				GCC_PREPROCESSOR_DEFINITIONS = (
					"$(inherited)",
					"DEBUG=1",
				);
				GCC_WARN_64_TO_32_BIT_CONVERSION = YES;
				GCC_WARN_ABOUT_RETURN_TYPE = YES_ERROR;
				GCC_WARN_UNDECLARED_SELECTOR = YES;
				GCC_WARN_UNINITIALIZED_AUTOS = YES_AGGRESSIVE;
				GCC_WARN_UNUSED_FUNCTION = YES;
				GCC_WARN_UNUSED_VARIABLE = YES;
				IPHONEOS_DEPLOYMENT_TARGET = 17.0;
				MTL_ENABLE_DEBUG_INFO = INCLUDE_SOURCE;
				MTL_FAST_MATH = YES;
				ONLY_ACTIVE_ARCH = YES;
				PRODUCT_NAME = "$(TARGET_NAME)";
				SDKROOT = iphoneos;
				SWIFT_ACTIVE_COMPILATION_CONDITIONS = DEBUG;
				SWIFT_OPTIMIZATION_LEVEL = "-Onone";
				SWIFT_VERSION = 5.0;
			};
			name = Debug;
		};
/* End XCBuildConfiguration section */

/* Begin XCConfigurationList section */
		3CA3CD5DA039A35763C64E4B /* Build configuration list for PBXNativeTarget "Stitchu" */ = {
			isa = XCConfigurationList;
			buildConfigurations = (
				23EB341BC8ACE7FB23FF7A11 /* Debug */,
				199A9C3BA441B69CD95F8FC1 /* Release */,
			);
			defaultConfigurationIsVisible = 0;
			defaultConfigurationName = Debug;
		};
		7CA94AF09A055ED6DA156E94 /* Build configuration list for PBXProject "Stitchu" */ = {
			isa = XCConfigurationList;
			buildConfigurations = (
				4F09D14C68B3F0252BABF203 /* Debug */,
				3AF4F2ED80AF0A92373B32D8 /* Release */,
			);
			defaultConfigurationIsVisible = 0;
			defaultConfigurationName = Debug;
		};
/* End XCConfigurationList section */
	};
	rootObject = BA52CF53D150CBA194D7AB9C /* Project object */;
}
